// !$*UTF8*$!
{
	archiveVersion = 1;
	classes = {
	};
	objectVersion = 50;
	objects = {

/* Begin PBXBuildFile section */
		F0DDBB4225027F8C00E91727 /* AppDelegate.swift in Sources */ = {isa = PBXBuildFile; fileRef = F0DDBB4125027F8C00E91727 /* AppDelegate.swift */; };
		F0DDBB4425027F8C00E91727 /* SceneDelegate.swift in Sources */ = {isa = PBXBuildFile; fileRef = F0DDBB4325027F8C00E91727 /* SceneDelegate.swift */; };
		F0DDBB4625027F8C00E91727 /* ViewController.swift in Sources */ = {isa = PBXBuildFile; fileRef = F0DDBB4525027F8C00E91727 /* ViewController.swift */; };
		F0DDBB4925027F8C00E91727 /* Main.storyboard in Resources */ = {isa = PBXBuildFile; fileRef = F0DDBB4725027F8C00E91727 /* Main.storyboard */; };
		F0DDBB4B25027F8C00E91727 /* Assets.xcassets in Resources */ = {isa = PBXBuildFile; fileRef = F0DDBB4A25027F8C00E91727 /* Assets.xcassets */; };
		F0DDBB4E25027F8C00E91727 /* LaunchScreen.storyboard in Resources */ = {isa = PBXBuildFile; fileRef = F0DDBB4C25027F8C00E91727 /* LaunchScreen.storyboard */; };
/* End PBXBuildFile section */

/* Begin PBXFileReference section */
		F0DDBB3E25027F8C00E91727 /* SwiftPlayground.app */ = {isa = PBXFileReference; explicitFileType = wrapper.application; includeInIndex = 0; path = SwiftPlayground.app; sourceTree = BUILT_PRODUCTS_DIR; };
		F0DDBB4125027F8C00E91727 /* AppDelegate.swift */ = {isa = PBXFileReference; lastKnownFileType = sourcecode.swift; path = AppDelegate.swift; sourceTree = "<group>"; };
		F0DDBB4325027F8C00E91727 /* SceneDelegate.swift */ = {isa = PBXFileReference; lastKnownFileType = sourcecode.swift; path = SceneDelegate.swift; sourceTree = "<group>"; };
		F0DDBB4525027F8C00E91727 /* ViewController.swift */ = {isa = PBXFileReference; lastKnownFileType = sourcecode.swift; path = ViewController.swift; sourceTree = "<group>"; };
		F0DDBB4825027F8C00E91727 /* Base */ = {isa = PBXFileReference; lastKnownFileType = file.storyboard; name = Base; path = Base.lproj/Main.storyboard; sourceTree = "<group>"; };
		F0DDBB4A25027F8C00E91727 /* Assets.xcassets */ = {isa = PBXFileReference; lastKnownFileType = folder.assetcatalog; path = Assets.xcassets; sourceTree = "<group>"; };
		F0DDBB4D25027F8C00E91727 /* Base */ = {isa = PBXFileReference; lastKnownFileType = file.storyboard; name = Base; path = Base.lproj/LaunchScreen.storyboard; sourceTree = "<group>"; };
		F0DDBB4F25027F8C00E91727 /* Info.plist */ = {isa = PBXFileReference; lastKnownFileType = text.plist.xml; path = Info.plist; sourceTree = "<group>"; };
/* End PBXFileReference section */

/* Begin PBXFrameworksBuildPhase section */
		F0DDBB3B25027F8C00E91727 /* Frameworks */ = {
			isa = PBXFrameworksBuildPhase;
			buildActionMask = 2147483647;
			files = (
			);
			runOnlyForDeploymentPostprocessing = 0;
		};
/* End PBXFrameworksBuildPhase section */

/* Begin PBXGroup section */
		F0DDBB3525027F8C00E91727 = {
			isa = PBXGroup;
			children = (
				F0DDBB4025027F8C00E91727 /* SwiftPlayground */,
				F0DDBB3F25027F8C00E91727 /* Products */,
			);
			sourceTree = "<group>";
		};
		F0DDBB3F25027F8C00E91727 /* Products */ = {
			isa = PBXGroup;
			children = (
				F0DDBB3E25027F8C00E91727 /* SwiftPlayground.app */,
			);
			name = Products;
			sourceTree = "<group>";
		};
		F0DDBB4025027F8C00E91727 /* SwiftPlayground */ = {
			isa = PBXGroup;
			children = (
				F0DDBB4125027F8C00E91727 /* AppDelegate.swift */,
				F0DDBB4325027F8C00E91727 /* SceneDelegate.swift */,
				F0DDBB4525027F8C00E91727 /* ViewController.swift */,
				F0DDBB4725027F8C00E91727 /* Main.storyboard */,
				F0DDBB4A25027F8C00E91727 /* Assets.xcassets */,
				F0DDBB4C25027F8C00E91727 /* LaunchScreen.storyboard */,
				F0DDBB4F25027F8C00E91727 /* Info.plist */,
			);
			path = SwiftPlayground;
			sourceTree = "<group>";
		};
/* End PBXGroup section */

/* Begin PBXNativeTarget section */
		F0DDBB3D25027F8C00E91727 /* SwiftPlayground */ = {
			isa = PBXNativeTarget;
			buildConfigurationList = F0DDBB5225027F8C00E91727 /* Build configuration list for PBXNativeTarget "SwiftPlayground" */;
			buildPhases = (
				F0DDBB3A25027F8C00E91727 /* Sources */,
				F0DDBB3B25027F8C00E91727 /* Frameworks */,
				F0DDBB3C25027F8C00E91727 /* Resources */,
			);
			buildRules = (
			);
			dependencies = (
			);
			name = SwiftPlayground;
			productName = SwiftPlayground;
			productReference = F0DDBB3E25027F8C00E91727 /* SwiftPlayground.app */;
			productType = "com.apple.product-type.application";
		};
/* End PBXNativeTarget section */

/* Begin PBXProject section */
		F0DDBB3625027F8C00E91727 /* Project object */ = {
			isa = PBXProject;
			attributes = {
				LastSwiftUpdateCheck = 1170;
				LastUpgradeCheck = 1170;
				ORGANIZATIONNAME = "이찬형";
				TargetAttributes = {
					F0DDBB3D25027F8C00E91727 = {
						CreatedOnToolsVersion = 11.7;
					};
				};
			};
			buildConfigurationList = F0DDBB3925027F8C00E91727 /* Build configuration list for PBXProject "SwiftPlayground" */;
			compatibilityVersion = "Xcode 9.3";
			developmentRegion = en;
			hasScannedForEncodings = 0;
			knownRegions = (
				en,
				Base,
			);
			mainGroup = F0DDBB3525027F8C00E91727;
			productRefGroup = F0DDBB3F25027F8C00E91727 /* Products */;
			projectDirPath = "";
			projectRoot = "";
			targets = (
				F0DDBB3D25027F8C00E91727 /* SwiftPlayground */,
			);
		};
/* End PBXProject section */

/* Begin PBXResourcesBuildPhase section */
		F0DDBB3C25027F8C00E91727 /* Resources */ = {
			isa = PBXResourcesBuildPhase;
			buildActionMask = 2147483647;
			files = (
				F0DDBB4E25027F8C00E91727 /* LaunchScreen.storyboard in Resources */,
				F0DDBB4B25027F8C00E91727 /* Assets.xcassets in Resources */,
				F0DDBB4925027F8C00E91727 /* Main.storyboard in Resources */,
			);
			runOnlyForDeploymentPostprocessing = 0;
		};
/* End PBXResourcesBuildPhase section */

/* Begin PBXSourcesBuildPhase section */
		F0DDBB3A25027F8C00E91727 /* Sources */ = {
			isa = PBXSourcesBuildPhase;
			buildActionMask = 2147483647;
			files = (
				F0DDBB4625027F8C00E91727 /* ViewController.swift in Sources */,
				F0DDBB4225027F8C00E91727 /* AppDelegate.swift in Sources */,
				F0DDBB4425027F8C00E91727 /* SceneDelegate.swift in Sources */,
			);
			runOnlyForDeploymentPostprocessing = 0;
		};
/* End PBXSourcesBuildPhase section */

/* Begin PBXVariantGroup section */
		F0DDBB4725027F8C00E91727 /* Main.storyboard */ = {
			isa = PBXVariantGroup;
			children = (
				F0DDBB4825027F8C00E91727 /* Base */,
			);
			name = Main.storyboard;
			sourceTree = "<group>";
		};
		F0DDBB4C25027F8C00E91727 /* LaunchScreen.storyboard */ = {
			isa = PBXVariantGroup;
			children = (
				F0DDBB4D25027F8C00E91727 /* Base */,
			);
			name = LaunchScreen.storyboard;
			sourceTree = "<group>";
		};
/* End PBXVariantGroup section */

/* Begin XCBuildConfiguration section */
		F0DDBB5025027F8C00E91727 /* Debug */ = {
			isa = XCBuildConfiguration;
			buildSettings = {
				ALWAYS_SEARCH_USER_PATHS = NO;
				CLANG_ANALYZER_NONNULL = YES;
				CLANG_ANALYZER_NUMBER_OBJECT_CONVERSION = YES_AGGRESSIVE;
				CLANG_CXX_LANGUAGE_STANDARD = "gnu++14";
				CLANG_CXX_LIBRARY = "libc++";
				CLANG_ENABLE_MODULES = YES;
				CLANG_ENABLE_OBJC_ARC = YES;
				CLANG_ENABLE_OBJC_WEAK = YES;
				CLANG_WARN_BLOCK_CAPTURE_AUTORELEASING = YES;
				CLANG_WARN_BOOL_CONVERSION = YES;
				CLANG_WARN_COMMA = YES;
				CLANG_WARN_CONSTANT_CONVERSION = YES;
				CLANG_WARN_DEPRECATED_OBJC_IMPLEMENTATIONS = YES;
				CLANG_WARN_DIRECT_OBJC_ISA_USAGE = YES_ERROR;
				CLANG_WARN_DOCUMENTATION_COMMENTS = YES;
				CLANG_WARN_EMPTY_BODY = YES;
				CLANG_WARN_ENUM_CONVERSION = YES;
				CLANG_WARN_INFINITE_RECURSION = YES;
				CLANG_WARN_INT_CONVERSION = YES;
				CLANG_WARN_NON_LITERAL_NULL_CONVERSION = YES;
				CLANG_WARN_OBJC_IMPLICIT_RETAIN_SELF = YES;
				CLANG_WARN_OBJC_LITERAL_CONVERSION = YES;
				CLANG_WARN_OBJC_ROOT_CLASS = YES_ERROR;
				CLANG_WARN_RANGE_LOOP_ANALYSIS = YES;
				CLANG_WARN_STRICT_PROTOTYPES = YES;
				CLANG_WARN_SUSPICIOUS_MOVE = YES;
				CLANG_WARN_UNGUARDED_AVAILABILITY = YES_AGGRESSIVE;
				CLANG_WARN_UNREACHABLE_CODE = YES;
				CLANG_WARN__DUPLICATE_METHOD_MATCH = YES;
				COPY_PHASE_STRIP = NO;
				DEBUG_INFORMATION_FORMAT = dwarf;
				ENABLE_STRICT_OBJC_MSGSEND = YES;
				ENABLE_TESTABILITY = YES;
				GCC_C_LANGUAGE_STANDARD = gnu11;
				GCC_DYNAMIC_NO_PIC = NO;
				GCC_NO_COMMON_BLOCKS = YES;
				GCC_OPTIMIZATION_LEVEL = 0;
				GCC_PREPROCESSOR_DEFINITIONS = (
					"DEBUG=1",
					"$(inherited)",
				);
				GCC_WARN_64_TO_32_BIT_CONVERSION = YES;
				GCC_WARN_ABOUT_RETURN_TYPE = YES_ERROR;
				GCC_WARN_UNDECLARED_SELECTOR = YES;
				GCC_WARN_UNINITIALIZED_AUTOS = YES_AGGRESSIVE;
				GCC_WARN_UNUSED_FUNCTION = YES;
				GCC_WARN_UNUSED_VARIABLE = YES;
				IPHONEOS_DEPLOYMENT_TARGET = 13.7;
				MTL_ENABLE_DEBUG_INFO = INCLUDE_SOURCE;
				MTL_FAST_MATH = YES;
				ONLY_ACTIVE_ARCH = YES;
				SDKROOT = iphoneos;
				SWIFT_ACTIVE_COMPILATION_CONDITIONS = DEBUG;
				SWIFT_OPTIMIZATION_LEVEL = "-Onone";
			};
			name = Debug;
		};
		F0DDBB5125027F8C00E91727 /* Release */ = {
			isa = XCBuildConfiguration;
			buildSettings = {
				ALWAYS_SEARCH_USER_PATHS = NO;
				CLANG_ANALYZER_NONNULL = YES;
				CLANG_ANALYZER_NUMBER_OBJECT_CONVERSION = YES_AGGRESSIVE;
				CLANG_CXX_LANGUAGE_STANDARD = "gnu++14";
				CLANG_CXX_LIBRARY = "libc++";
				CLANG_ENABLE_MODULES = YES;
				CLANG_ENABLE_OBJC_ARC = YES;
				CLANG_ENABLE_OBJC_WEAK = YES;
				CLANG_WARN_BLOCK_CAPTURE_AUTORELEASING = YES;
				CLANG_WARN_BOOL_CONVERSION = YES;
				CLANG_WARN_COMMA = YES;
				CLANG_WARN_CONSTANT_CONVERSION = YES;
				CLANG_WARN_DEPRECATED_OBJC_IMPLEMENTATIONS = YES;
				CLANG_WARN_DIRECT_OBJC_ISA_USAGE = YES_ERROR;
				CLANG_WARN_DOCUMENTATION_COMMENTS = YES;
				CLANG_WARN_EMPTY_BODY = YES;
				CLANG_WARN_ENUM_CONVERSION = YES;
				CLANG_WARN_INFINITE_RECURSION = YES;
				CLANG_WARN_INT_CONVERSION = YES;
				CLANG_WARN_NON_LITERAL_NULL_CONVERSION = YES;
				CLANG_WARN_OBJC_IMPLICIT_RETAIN_SELF = YES;
				CLANG_WARN_OBJC_LITERAL_CONVERSION = YES;
				CLANG_WARN_OBJC_ROOT_CLASS = YES_ERROR;
				CLANG_WARN_RANGE_LOOP_ANALYSIS = YES;
				CLANG_WARN_STRICT_PROTOTYPES = YES;
				CLANG_WARN_SUSPICIOUS_MOVE = YES;
				CLANG_WARN_UNGUARDED_AVAILABILITY = YES_AGGRESSIVE;
				CLANG_WARN_UNREACHABLE_CODE = YES;
				CLANG_WARN__DUPLICATE_METHOD_MATCH = YES;
				COPY_PHASE_STRIP = NO;
				DEBUG_INFORMATION_FORMAT = "dwarf-with-dsym";
				ENABLE_NS_ASSERTIONS = NO;
				ENABLE_STRICT_OBJC_MSGSEND = YES;
				GCC_C_LANGUAGE_STANDARD = gnu11;
				GCC_NO_COMMON_BLOCKS = YES;
				GCC_WARN_64_TO_32_BIT_CONVERSION = YES;
				GCC_WARN_ABOUT_RETURN_TYPE = YES_ERROR;
				GCC_WARN_UNDECLARED_SELECTOR = YES;
				GCC_WARN_UNINITIALIZED_AUTOS = YES_AGGRESSIVE;
				GCC_WARN_UNUSED_FUNCTION = YES;
				GCC_WARN_UNUSED_VARIABLE = YES;
				IPHONEOS_DEPLOYMENT_TARGET = 13.7;
				MTL_ENABLE_DEBUG_INFO = NO;
				MTL_FAST_MATH = YES;
				SDKROOT = iphoneos;
				SWIFT_COMPILATION_MODE = wholemodule;
				SWIFT_OPTIMIZATION_LEVEL = "-O";
				VALIDATE_PRODUCT = YES;
			};
			name = Release;
		};
		F0DDBB5325027F8C00E91727 /* Debug */ = {
			isa = XCBuildConfiguration;
			buildSettings = {
				ASSETCATALOG_COMPILER_APPICON_NAME = AppIcon;
				CODE_SIGN_STYLE = Automatic;
				INFOPLIST_FILE = SwiftPlayground/Info.plist;
				LD_RUNPATH_SEARCH_PATHS = (
					"$(inherited)",
					"@executable_path/Frameworks",
				);
				PRODUCT_BUNDLE_IDENTIFIER = "c01d-br0th3r.SwiftPlayground";
				PRODUCT_NAME = "$(TARGET_NAME)";
				SWIFT_VERSION = 5.0;
				TARGETED_DEVICE_FAMILY = "1,2";
			};
			name = Debug;
		};
		F0DDBB5425027F8C00E91727 /* Release */ = {
			isa = XCBuildConfiguration;
			buildSettings = {
				ASSETCATALOG_COMPILER_APPICON_NAME = AppIcon;
				CODE_SIGN_STYLE = Automatic;
				INFOPLIST_FILE = SwiftPlayground/Info.plist;
				LD_RUNPATH_SEARCH_PATHS = (
					"$(inherited)",
					"@executable_path/Frameworks",
				);
				PRODUCT_BUNDLE_IDENTIFIER = "c01d-br0th3r.SwiftPlayground";
				PRODUCT_NAME = "$(TARGET_NAME)";
				SWIFT_VERSION = 5.0;
				TARGETED_DEVICE_FAMILY = "1,2";
			};
			name = Release;
		};
/* End XCBuildConfiguration section */

/* Begin XCConfigurationList section */
		F0DDBB3925027F8C00E91727 /* Build configuration list for PBXProject "SwiftPlayground" */ = {
			isa = XCConfigurationList;
			buildConfigurations = (
				F0DDBB5025027F8C00E91727 /* Debug */,
				F0DDBB5125027F8C00E91727 /* Release */,
			);
			defaultConfigurationIsVisible = 0;
			defaultConfigurationName = Release;
		};
		F0DDBB5225027F8C00E91727 /* Build configuration list for PBXNativeTarget "SwiftPlayground" */ = {
			isa = XCConfigurationList;
			buildConfigurations = (
				F0DDBB5325027F8C00E91727 /* Debug */,
				F0DDBB5425027F8C00E91727 /* Release */,
			);
			defaultConfigurationIsVisible = 0;
			defaultConfigurationName = Release;
		};
/* End XCConfigurationList section */
	};
	rootObject = F0DDBB3625027F8C00E91727 /* Project object */;
}
